// !$*UTF8*$!
{
	archiveVersion = 1;
	classes = {
	};
	objectVersion = 55;
	objects = {

/* Begin PBXBuildFile section */
		8498695F2A78EC8000CC351A /* AppDelegate.swift in Sources */ = {isa = PBXBuildFile; fileRef = 8498695E2A78EC8000CC351A /* AppDelegate.swift */; };
		849869612A78EC8000CC351A /* SceneDelegate.swift in Sources */ = {isa = PBXBuildFile; fileRef = 849869602A78EC8000CC351A /* SceneDelegate.swift */; };
		849869632A78EC8000CC351A /* ProfileViewController.swift in Sources */ = {isa = PBXBuildFile; fileRef = 849869622A78EC8000CC351A /* ProfileViewController.swift */; };
		849869662A78EC8000CC351A /* Main.storyboard in Resources */ = {isa = PBXBuildFile; fileRef = 849869642A78EC8000CC351A /* Main.storyboard */; };
		849869682A78EC8900CC351A /* Assets.xcassets in Resources */ = {isa = PBXBuildFile; fileRef = 849869672A78EC8900CC351A /* Assets.xcassets */; };
		8498696B2A78EC8900CC351A /* LaunchScreen.storyboard in Resources */ = {isa = PBXBuildFile; fileRef = 849869692A78EC8900CC351A /* LaunchScreen.storyboard */; };
		849869782A78F3C200CC351A /* Models.swift in Sources */ = {isa = PBXBuildFile; fileRef = 849869772A78F3C200CC351A /* Models.swift */; };
		8498697D2A7916CC00CC351A /* SkillCollectionViewCell.swift in Sources */ = {isa = PBXBuildFile; fileRef = 8498697B2A7916CC00CC351A /* SkillCollectionViewCell.swift */; };
		8498697E2A7916CC00CC351A /* SkillCollectionViewCell.xib in Resources */ = {isa = PBXBuildFile; fileRef = 8498697C2A7916CC00CC351A /* SkillCollectionViewCell.xib */; };
		849869802A7926AE00CC351A /* HeaderCollectionReusableView.swift in Sources */ = {isa = PBXBuildFile; fileRef = 8498697F2A7926AE00CC351A /* HeaderCollectionReusableView.swift */; };
		849869822A7929B500CC351A /* UILabel+addImageWith.swift in Sources */ = {isa = PBXBuildFile; fileRef = 849869812A7929B500CC351A /* UILabel+addImageWith.swift */; };
		849869852A794D7400CC351A /* DeletableCollectionViewCell.swift in Sources */ = {isa = PBXBuildFile; fileRef = 849869832A794D7300CC351A /* DeletableCollectionViewCell.swift */; };
		849869862A794D7400CC351A /* DeletableCollectionViewCell.xib in Resources */ = {isa = PBXBuildFile; fileRef = 849869842A794D7400CC351A /* DeletableCollectionViewCell.xib */; };
		849869882A79535000CC351A /* FooterCollectionReusableView.swift in Sources */ = {isa = PBXBuildFile; fileRef = 849869872A79534F00CC351A /* FooterCollectionReusableView.swift */; };
		8498698A2A79956200CC351A /* CustomViewFlowLayout.swift in Sources */ = {isa = PBXBuildFile; fileRef = 849869892A79956100CC351A /* CustomViewFlowLayout.swift */; };
/* End PBXBuildFile section */

/* Begin PBXFileReference section */
		8498695B2A78EC8000CC351A /* MyProfileApp.app */ = {isa = PBXFileReference; explicitFileType = wrapper.application; includeInIndex = 0; path = MyProfileApp.app; sourceTree = BUILT_PRODUCTS_DIR; };
		8498695E2A78EC8000CC351A /* AppDelegate.swift */ = {isa = PBXFileReference; lastKnownFileType = sourcecode.swift; path = AppDelegate.swift; sourceTree = "<group>"; };
		849869602A78EC8000CC351A /* SceneDelegate.swift */ = {isa = PBXFileReference; lastKnownFileType = sourcecode.swift; path = SceneDelegate.swift; sourceTree = "<group>"; };
		849869622A78EC8000CC351A /* ProfileViewController.swift */ = {isa = PBXFileReference; lastKnownFileType = sourcecode.swift; path = ProfileViewController.swift; sourceTree = "<group>"; };
		849869652A78EC8000CC351A /* Base */ = {isa = PBXFileReference; lastKnownFileType = file.storyboard; name = Base; path = Base.lproj/Main.storyboard; sourceTree = "<group>"; };
		849869672A78EC8900CC351A /* Assets.xcassets */ = {isa = PBXFileReference; lastKnownFileType = folder.assetcatalog; path = Assets.xcassets; sourceTree = "<group>"; };
		8498696A2A78EC8900CC351A /* Base */ = {isa = PBXFileReference; lastKnownFileType = file.storyboard; name = Base; path = Base.lproj/LaunchScreen.storyboard; sourceTree = "<group>"; };
		8498696C2A78EC8900CC351A /* Info.plist */ = {isa = PBXFileReference; lastKnownFileType = text.plist.xml; path = Info.plist; sourceTree = "<group>"; };
		849869772A78F3C200CC351A /* Models.swift */ = {isa = PBXFileReference; lastKnownFileType = sourcecode.swift; path = Models.swift; sourceTree = "<group>"; };
		8498697B2A7916CC00CC351A /* SkillCollectionViewCell.swift */ = {isa = PBXFileReference; lastKnownFileType = sourcecode.swift; path = SkillCollectionViewCell.swift; sourceTree = "<group>"; };
		8498697C2A7916CC00CC351A /* SkillCollectionViewCell.xib */ = {isa = PBXFileReference; lastKnownFileType = file.xib; path = SkillCollectionViewCell.xib; sourceTree = "<group>"; };
		8498697F2A7926AE00CC351A /* HeaderCollectionReusableView.swift */ = {isa = PBXFileReference; lastKnownFileType = sourcecode.swift; path = HeaderCollectionReusableView.swift; sourceTree = "<group>"; };
		849869812A7929B500CC351A /* UILabel+addImageWith.swift */ = {isa = PBXFileReference; lastKnownFileType = sourcecode.swift; path = "UILabel+addImageWith.swift"; sourceTree = "<group>"; };
		849869832A794D7300CC351A /* DeletableCollectionViewCell.swift */ = {isa = PBXFileReference; lastKnownFileType = sourcecode.swift; path = DeletableCollectionViewCell.swift; sourceTree = "<group>"; };
		849869842A794D7400CC351A /* DeletableCollectionViewCell.xib */ = {isa = PBXFileReference; lastKnownFileType = file.xib; path = DeletableCollectionViewCell.xib; sourceTree = "<group>"; };
		849869872A79534F00CC351A /* FooterCollectionReusableView.swift */ = {isa = PBXFileReference; lastKnownFileType = sourcecode.swift; path = FooterCollectionReusableView.swift; sourceTree = "<group>"; };
		849869892A79956100CC351A /* CustomViewFlowLayout.swift */ = {isa = PBXFileReference; lastKnownFileType = sourcecode.swift; path = CustomViewFlowLayout.swift; sourceTree = "<group>"; };
/* End PBXFileReference section */

/* Begin PBXFrameworksBuildPhase section */
		849869582A78EC8000CC351A /* Frameworks */ = {
			isa = PBXFrameworksBuildPhase;
			buildActionMask = 2147483647;
			files = (
			);
			runOnlyForDeploymentPostprocessing = 0;
		};
/* End PBXFrameworksBuildPhase section */

/* Begin PBXGroup section */
		849869522A78EC8000CC351A = {
			isa = PBXGroup;
			children = (
				8498695D2A78EC8000CC351A /* MyProfileApp */,
				8498695C2A78EC8000CC351A /* Products */,
			);
			sourceTree = "<group>";
		};
		8498695C2A78EC8000CC351A /* Products */ = {
			isa = PBXGroup;
			children = (
				8498695B2A78EC8000CC351A /* MyProfileApp.app */,
			);
			name = Products;
			sourceTree = "<group>";
		};
		8498695D2A78EC8000CC351A /* MyProfileApp */ = {
			isa = PBXGroup;
			children = (
				849869752A78ED8900CC351A /* Resources */,
				849869742A78ED7100CC351A /* Models */,
				849869732A78ED6700CC351A /* Views */,
				849869722A78ED4F00CC351A /* Controllers */,
				8498696C2A78EC8900CC351A /* Info.plist */,
			);
			path = MyProfileApp;
			sourceTree = "<group>";
		};
		849869722A78ED4F00CC351A /* Controllers */ = {
			isa = PBXGroup;
			children = (
				849869622A78EC8000CC351A /* ProfileViewController.swift */,
			);
			path = Controllers;
			sourceTree = "<group>";
		};
		849869732A78ED6700CC351A /* Views */ = {
			isa = PBXGroup;
			children = (
				849869762A78EDCE00CC351A /* Storyboards */,
				849869672A78EC8900CC351A /* Assets.xcassets */,
				8498697B2A7916CC00CC351A /* SkillCollectionViewCell.swift */,
				8498697C2A7916CC00CC351A /* SkillCollectionViewCell.xib */,
				8498697F2A7926AE00CC351A /* HeaderCollectionReusableView.swift */,
				849869832A794D7300CC351A /* DeletableCollectionViewCell.swift */,
				849869842A794D7400CC351A /* DeletableCollectionViewCell.xib */,
				849869872A79534F00CC351A /* FooterCollectionReusableView.swift */,
				849869892A79956100CC351A /* CustomViewFlowLayout.swift */,
			);
			path = Views;
			sourceTree = "<group>";
		};
		849869742A78ED7100CC351A /* Models */ = {
			isa = PBXGroup;
			children = (
				849869772A78F3C200CC351A /* Models.swift */,
			);
			path = Models;
			sourceTree = "<group>";
		};
		849869752A78ED8900CC351A /* Resources */ = {
			isa = PBXGroup;
			children = (
				8498695E2A78EC8000CC351A /* AppDelegate.swift */,
				849869602A78EC8000CC351A /* SceneDelegate.swift */,
				849869812A7929B500CC351A /* UILabel+addImageWith.swift */,
			);
			path = Resources;
			sourceTree = "<group>";
		};
		849869762A78EDCE00CC351A /* Storyboards */ = {
			isa = PBXGroup;
			children = (
				849869642A78EC8000CC351A /* Main.storyboard */,
				849869692A78EC8900CC351A /* LaunchScreen.storyboard */,
			);
			path = Storyboards;
			sourceTree = "<group>";
		};
/* End PBXGroup section */

/* Begin PBXNativeTarget section */
		8498695A2A78EC8000CC351A /* MyProfileApp */ = {
			isa = PBXNativeTarget;
			buildConfigurationList = 8498696F2A78EC8900CC351A /* Build configuration list for PBXNativeTarget "MyProfileApp" */;
			buildPhases = (
				849869572A78EC8000CC351A /* Sources */,
				849869582A78EC8000CC351A /* Frameworks */,
				849869592A78EC8000CC351A /* Resources */,
			);
			buildRules = (
			);
			dependencies = (
			);
			name = MyProfileApp;
			productName = MyProfileApp;
			productReference = 8498695B2A78EC8000CC351A /* MyProfileApp.app */;
			productType = "com.apple.product-type.application";
		};
/* End PBXNativeTarget section */

/* Begin PBXProject section */
		849869532A78EC8000CC351A /* Project object */ = {
			isa = PBXProject;
			attributes = {
				BuildIndependentTargetsInParallel = 1;
				LastSwiftUpdateCheck = 1320;
				LastUpgradeCheck = 1320;
				TargetAttributes = {
					8498695A2A78EC8000CC351A = {
						CreatedOnToolsVersion = 13.2.1;
					};
				};
			};
			buildConfigurationList = 849869562A78EC8000CC351A /* Build configuration list for PBXProject "MyProfileApp" */;
			compatibilityVersion = "Xcode 13.0";
			developmentRegion = en;
			hasScannedForEncodings = 0;
			knownRegions = (
				en,
				Base,
			);
			mainGroup = 849869522A78EC8000CC351A;
			productRefGroup = 8498695C2A78EC8000CC351A /* Products */;
			projectDirPath = "";
			projectRoot = "";
			targets = (
				8498695A2A78EC8000CC351A /* MyProfileApp */,
			);
		};
/* End PBXProject section */

/* Begin PBXResourcesBuildPhase section */
		849869592A78EC8000CC351A /* Resources */ = {
			isa = PBXResourcesBuildPhase;
			buildActionMask = 2147483647;
			files = (
				8498696B2A78EC8900CC351A /* LaunchScreen.storyboard in Resources */,
				849869682A78EC8900CC351A /* Assets.xcassets in Resources */,
				8498697E2A7916CC00CC351A /* SkillCollectionViewCell.xib in Resources */,
				849869662A78EC8000CC351A /* Main.storyboard in Resources */,
				849869862A794D7400CC351A /* DeletableCollectionViewCell.xib in Resources */,
			);
			runOnlyForDeploymentPostprocessing = 0;
		};
/* End PBXResourcesBuildPhase section */

/* Begin PBXSourcesBuildPhase section */
		849869572A78EC8000CC351A /* Sources */ = {
			isa = PBXSourcesBuildPhase;
			buildActionMask = 2147483647;
			files = (
				8498697D2A7916CC00CC351A /* SkillCollectionViewCell.swift in Sources */,
				849869632A78EC8000CC351A /* ProfileViewController.swift in Sources */,
				8498695F2A78EC8000CC351A /* AppDelegate.swift in Sources */,
				8498698A2A79956200CC351A /* CustomViewFlowLayout.swift in Sources */,
				849869612A78EC8000CC351A /* SceneDelegate.swift in Sources */,
				849869882A79535000CC351A /* FooterCollectionReusableView.swift in Sources */,
				849869802A7926AE00CC351A /* HeaderCollectionReusableView.swift in Sources */,
				849869782A78F3C200CC351A /* Models.swift in Sources */,
				849869822A7929B500CC351A /* UILabel+addImageWith.swift in Sources */,
				849869852A794D7400CC351A /* DeletableCollectionViewCell.swift in Sources */,
			);
			runOnlyForDeploymentPostprocessing = 0;
		};
/* End PBXSourcesBuildPhase section */

/* Begin PBXVariantGroup section */
		849869642A78EC8000CC351A /* Main.storyboard */ = {
			isa = PBXVariantGroup;
			children = (
				849869652A78EC8000CC351A /* Base */,
			);
			name = Main.storyboard;
			sourceTree = "<group>";
		};
		849869692A78EC8900CC351A /* LaunchScreen.storyboard */ = {
			isa = PBXVariantGroup;
			children = (
				8498696A2A78EC8900CC351A /* Base */,
			);
			name = LaunchScreen.storyboard;
			sourceTree = "<group>";
		};
/* End PBXVariantGroup section */

/* Begin XCBuildConfiguration section */
		8498696D2A78EC8900CC351A /* Debug */ = {
			isa = XCBuildConfiguration;
			buildSettings = {
				ALWAYS_SEARCH_USER_PATHS = NO;
				CLANG_ANALYZER_NONNULL = YES;
				CLANG_ANALYZER_NUMBER_OBJECT_CONVERSION = YES_AGGRESSIVE;
				CLANG_CXX_LANGUAGE_STANDARD = "gnu++17";
				CLANG_CXX_LIBRARY = "libc++";
				CLANG_ENABLE_MODULES = YES;
				CLANG_ENABLE_OBJC_ARC = YES;
				CLANG_ENABLE_OBJC_WEAK = YES;
				CLANG_WARN_BLOCK_CAPTURE_AUTORELEASING = YES;
				CLANG_WARN_BOOL_CONVERSION = YES;
				CLANG_WARN_COMMA = YES;
				CLANG_WARN_CONSTANT_CONVERSION = YES;
				CLANG_WARN_DEPRECATED_OBJC_IMPLEMENTATIONS = YES;
				CLANG_WARN_DIRECT_OBJC_ISA_USAGE = YES_ERROR;
				CLANG_WARN_DOCUMENTATION_COMMENTS = YES;
				CLANG_WARN_EMPTY_BODY = YES;
				CLANG_WARN_ENUM_CONVERSION = YES;
				CLANG_WARN_INFINITE_RECURSION = YES;
				CLANG_WARN_INT_CONVERSION = YES;
				CLANG_WARN_NON_LITERAL_NULL_CONVERSION = YES;
				CLANG_WARN_OBJC_IMPLICIT_RETAIN_SELF = YES;
				CLANG_WARN_OBJC_LITERAL_CONVERSION = YES;
				CLANG_WARN_OBJC_ROOT_CLASS = YES_ERROR;
				CLANG_WARN_QUOTED_INCLUDE_IN_FRAMEWORK_HEADER = YES;
				CLANG_WARN_RANGE_LOOP_ANALYSIS = YES;
				CLANG_WARN_STRICT_PROTOTYPES = YES;
				CLANG_WARN_SUSPICIOUS_MOVE = YES;
				CLANG_WARN_UNGUARDED_AVAILABILITY = YES_AGGRESSIVE;
				CLANG_WARN_UNREACHABLE_CODE = YES;
				CLANG_WARN__DUPLICATE_METHOD_MATCH = YES;
				COPY_PHASE_STRIP = NO;
				DEBUG_INFORMATION_FORMAT = dwarf;
				ENABLE_STRICT_OBJC_MSGSEND = YES;
				ENABLE_TESTABILITY = YES;
				GCC_C_LANGUAGE_STANDARD = gnu11;
				GCC_DYNAMIC_NO_PIC = NO;
				GCC_NO_COMMON_BLOCKS = YES;
				GCC_OPTIMIZATION_LEVEL = 0;
				GCC_PREPROCESSOR_DEFINITIONS = (
					"DEBUG=1",
					"$(inherited)",
				);
				GCC_WARN_64_TO_32_BIT_CONVERSION = YES;
				GCC_WARN_ABOUT_RETURN_TYPE = YES_ERROR;
				GCC_WARN_UNDECLARED_SELECTOR = YES;
				GCC_WARN_UNINITIALIZED_AUTOS = YES_AGGRESSIVE;
				GCC_WARN_UNUSED_FUNCTION = YES;
				GCC_WARN_UNUSED_VARIABLE = YES;
				IPHONEOS_DEPLOYMENT_TARGET = 15.2;
				MTL_ENABLE_DEBUG_INFO = INCLUDE_SOURCE;
				MTL_FAST_MATH = YES;
				ONLY_ACTIVE_ARCH = YES;
				SDKROOT = iphoneos;
				SWIFT_ACTIVE_COMPILATION_CONDITIONS = DEBUG;
				SWIFT_OPTIMIZATION_LEVEL = "-Onone";
			};
			name = Debug;
		};
		8498696E2A78EC8900CC351A /* Release */ = {
			isa = XCBuildConfiguration;
			buildSettings = {
				ALWAYS_SEARCH_USER_PATHS = NO;
				CLANG_ANALYZER_NONNULL = YES;
				CLANG_ANALYZER_NUMBER_OBJECT_CONVERSION = YES_AGGRESSIVE;
				CLANG_CXX_LANGUAGE_STANDARD = "gnu++17";
				CLANG_CXX_LIBRARY = "libc++";
				CLANG_ENABLE_MODULES = YES;
				CLANG_ENABLE_OBJC_ARC = YES;
				CLANG_ENABLE_OBJC_WEAK = YES;
				CLANG_WARN_BLOCK_CAPTURE_AUTORELEASING = YES;
				CLANG_WARN_BOOL_CONVERSION = YES;
				CLANG_WARN_COMMA = YES;
				CLANG_WARN_CONSTANT_CONVERSION = YES;
				CLANG_WARN_DEPRECATED_OBJC_IMPLEMENTATIONS = YES;
				CLANG_WARN_DIRECT_OBJC_ISA_USAGE = YES_ERROR;
				CLANG_WARN_DOCUMENTATION_COMMENTS = YES;
				CLANG_WARN_EMPTY_BODY = YES;
				CLANG_WARN_ENUM_CONVERSION = YES;
				CLANG_WARN_INFINITE_RECURSION = YES;
				CLANG_WARN_INT_CONVERSION = YES;
				CLANG_WARN_NON_LITERAL_NULL_CONVERSION = YES;
				CLANG_WARN_OBJC_IMPLICIT_RETAIN_SELF = YES;
				CLANG_WARN_OBJC_LITERAL_CONVERSION = YES;
				CLANG_WARN_OBJC_ROOT_CLASS = YES_ERROR;
				CLANG_WARN_QUOTED_INCLUDE_IN_FRAMEWORK_HEADER = YES;
				CLANG_WARN_RANGE_LOOP_ANALYSIS = YES;
				CLANG_WARN_STRICT_PROTOTYPES = YES;
				CLANG_WARN_SUSPICIOUS_MOVE = YES;
				CLANG_WARN_UNGUARDED_AVAILABILITY = YES_AGGRESSIVE;
				CLANG_WARN_UNREACHABLE_CODE = YES;
				CLANG_WARN__DUPLICATE_METHOD_MATCH = YES;
				COPY_PHASE_STRIP = NO;
				DEBUG_INFORMATION_FORMAT = "dwarf-with-dsym";
				ENABLE_NS_ASSERTIONS = NO;
				ENABLE_STRICT_OBJC_MSGSEND = YES;
				GCC_C_LANGUAGE_STANDARD = gnu11;
				GCC_NO_COMMON_BLOCKS = YES;
				GCC_WARN_64_TO_32_BIT_CONVERSION = YES;
				GCC_WARN_ABOUT_RETURN_TYPE = YES_ERROR;
				GCC_WARN_UNDECLARED_SELECTOR = YES;
				GCC_WARN_UNINITIALIZED_AUTOS = YES_AGGRESSIVE;
				GCC_WARN_UNUSED_FUNCTION = YES;
				GCC_WARN_UNUSED_VARIABLE = YES;
				IPHONEOS_DEPLOYMENT_TARGET = 15.2;
				MTL_ENABLE_DEBUG_INFO = NO;
				MTL_FAST_MATH = YES;
				SDKROOT = iphoneos;
				SWIFT_COMPILATION_MODE = wholemodule;
				SWIFT_OPTIMIZATION_LEVEL = "-O";
				VALIDATE_PRODUCT = YES;
			};
			name = Release;
		};
		849869702A78EC8900CC351A /* Debug */ = {
			isa = XCBuildConfiguration;
			buildSettings = {
				ASSETCATALOG_COMPILER_APPICON_NAME = AppIcon;
				ASSETCATALOG_COMPILER_GLOBAL_ACCENT_COLOR_NAME = AccentColor;
				CODE_SIGN_STYLE = Automatic;
				CURRENT_PROJECT_VERSION = 1;
				GENERATE_INFOPLIST_FILE = YES;
				INFOPLIST_FILE = MyProfileApp/Info.plist;
				INFOPLIST_KEY_UIApplicationSupportsIndirectInputEvents = YES;
				INFOPLIST_KEY_UILaunchStoryboardName = LaunchScreen;
				INFOPLIST_KEY_UIMainStoryboardFile = Main;
				INFOPLIST_KEY_UISupportedInterfaceOrientations = UIInterfaceOrientationPortrait;
				INFOPLIST_KEY_UISupportedInterfaceOrientations_iPad = "UIInterfaceOrientationPortrait UIInterfaceOrientationPortraitUpsideDown UIInterfaceOrientationLandscapeLeft UIInterfaceOrientationLandscapeRight";
				INFOPLIST_KEY_UISupportedInterfaceOrientations_iPhone = "UIInterfaceOrientationPortrait UIInterfaceOrientationLandscapeLeft UIInterfaceOrientationLandscapeRight";
				LD_RUNPATH_SEARCH_PATHS = (
					"$(inherited)",
					"@executable_path/Frameworks",
				);
				MARKETING_VERSION = 1.0;
				PRODUCT_BUNDLE_IDENTIFIER = bebra.MyProfileApp;
				PRODUCT_NAME = "$(TARGET_NAME)";
				SWIFT_EMIT_LOC_STRINGS = YES;
				SWIFT_VERSION = 5.0;
				TARGETED_DEVICE_FAMILY = 1;
			};
			name = Debug;
		};
		849869712A78EC8900CC351A /* Release */ = {
			isa = XCBuildConfiguration;
			buildSettings = {
				ASSETCATALOG_COMPILER_APPICON_NAME = AppIcon;
				ASSETCATALOG_COMPILER_GLOBAL_ACCENT_COLOR_NAME = AccentColor;
				CODE_SIGN_STYLE = Automatic;
				CURRENT_PROJECT_VERSION = 1;
				GENERATE_INFOPLIST_FILE = YES;
				INFOPLIST_FILE = MyProfileApp/Info.plist;
				INFOPLIST_KEY_UIApplicationSupportsIndirectInputEvents = YES;
				INFOPLIST_KEY_UILaunchStoryboardName = LaunchScreen;
				INFOPLIST_KEY_UIMainStoryboardFile = Main;
				INFOPLIST_KEY_UISupportedInterfaceOrientations = UIInterfaceOrientationPortrait;
				INFOPLIST_KEY_UISupportedInterfaceOrientations_iPad = "UIInterfaceOrientationPortrait UIInterfaceOrientationPortraitUpsideDown UIInterfaceOrientationLandscapeLeft UIInterfaceOrientationLandscapeRight";
				INFOPLIST_KEY_UISupportedInterfaceOrientations_iPhone = "UIInterfaceOrientationPortrait UIInterfaceOrientationLandscapeLeft UIInterfaceOrientationLandscapeRight";
				LD_RUNPATH_SEARCH_PATHS = (
					"$(inherited)",
					"@executable_path/Frameworks",
				);
				MARKETING_VERSION = 1.0;
				PRODUCT_BUNDLE_IDENTIFIER = bebra.MyProfileApp;
				PRODUCT_NAME = "$(TARGET_NAME)";
				SWIFT_EMIT_LOC_STRINGS = YES;
				SWIFT_VERSION = 5.0;
				TARGETED_DEVICE_FAMILY = 1;
			};
			name = Release;
		};
/* End XCBuildConfiguration section */

/* Begin XCConfigurationList section */
		849869562A78EC8000CC351A /* Build configuration list for PBXProject "MyProfileApp" */ = {
			isa = XCConfigurationList;
			buildConfigurations = (
				8498696D2A78EC8900CC351A /* Debug */,
				8498696E2A78EC8900CC351A /* Release */,
			);
			defaultConfigurationIsVisible = 0;
			defaultConfigurationName = Release;
		};
		8498696F2A78EC8900CC351A /* Build configuration list for PBXNativeTarget "MyProfileApp" */ = {
			isa = XCConfigurationList;
			buildConfigurations = (
				849869702A78EC8900CC351A /* Debug */,
				849869712A78EC8900CC351A /* Release */,
			);
			defaultConfigurationIsVisible = 0;
			defaultConfigurationName = Release;
		};
/* End XCConfigurationList section */
	};
	rootObject = 849869532A78EC8000CC351A /* Project object */;
}
